
Microsoft Visual Studio Solution File, Format Version 12.00
# Visual Studio Version 17
VisualStudioVersion = 17.14.36414.22 d17.14
MinimumVisualStudioVersion = 10.0.40219.1
Project("{888888A0-9F3D-457C-B088-3A5042F75D52}") = "UserNotesSystem", "UserNotesSystem.pyproj", "{F5106302-C4B0-4835-8D12-C488BEDD0817}"
EndProject
Global
	GlobalSection(SolutionConfigurationPlatforms) = preSolution
		Debug|Any CPU = Debug|Any CPU
		Release|Any CPU = Release|Any CPU
	EndGlobalSection
	GlobalSection(ProjectConfigurationPlatforms) = postSolution
		{F5106302-C4B0-4835-8D12-C488BEDD0817}.Debug|Any CPU.ActiveCfg = Debug|Any CPU
		{F5106302-C4B0-4835-8D12-C488BEDD0817}.Release|Any CPU.ActiveCfg = Release|Any CPU
	EndGlobalSection
	GlobalSection(SolutionProperties) = preSolution
		HideSolutionNode = FALSE
	EndGlobalSection
	GlobalSection(ExtensibilityGlobals) = postSolution
		SolutionGuid = {E5BD4948-818A-43DD-AADF-51C3391C1313}
	EndGlobalSection
EndGlobal
