
Microsoft Visual Studio Solution File, Format Version 12.00
# Visual Studio Version 17
VisualStudioVersion = 17.14.36414.22 d17.14
MinimumVisualStudioVersion = 10.0.40219.1
Project("{888888A0-9F3D-457C-B088-3A5042F75D52}") = "AccountSystem", "AccountSystem.pyproj", "{4CA31FF9-8A65-420B-8FB7-E6445D00E71E}"
EndProject
Global
	GlobalSection(SolutionConfigurationPlatforms) = preSolution
		Debug|Any CPU = Debug|Any CPU
		Release|Any CPU = Release|Any CPU
	EndGlobalSection
	GlobalSection(ProjectConfigurationPlatforms) = postSolution
		{4CA31FF9-8A65-420B-8FB7-E6445D00E71E}.Debug|Any CPU.ActiveCfg = Debug|Any CPU
		{4CA31FF9-8A65-420B-8FB7-E6445D00E71E}.Release|Any CPU.ActiveCfg = Release|Any CPU
	EndGlobalSection
	GlobalSection(SolutionProperties) = preSolution
		HideSolutionNode = FALSE
	EndGlobalSection
	GlobalSection(ExtensibilityGlobals) = postSolution
		SolutionGuid = {A44676C9-4350-4216-B67C-2ED2CBBC6E18}
	EndGlobalSection
EndGlobal
