
Microsoft Visual Studio Solution File, Format Version 12.00
# Visual Studio Version 17
VisualStudioVersion = 17.14.36414.22
MinimumVisualStudioVersion = 10.0.40219.1
Project("{FAE04EC0-301F-11D3-BF4B-00C04F79EFBC}") = "MainClient", "MainClient.csproj", "{FD81D264-10A6-4D8A-93A9-311F0A4F3F22}"
EndProject
Global
	GlobalSection(SolutionConfigurationPlatforms) = preSolution
		Debug|Any CPU = Debug|Any CPU
		Release|Any CPU = Release|Any CPU
	EndGlobalSection
	GlobalSection(ProjectConfigurationPlatforms) = postSolution
		{FD81D264-10A6-4D8A-93A9-311F0A4F3F22}.Debug|Any CPU.ActiveCfg = Debug|Any CPU
		{FD81D264-10A6-4D8A-93A9-311F0A4F3F22}.Debug|Any CPU.Build.0 = Debug|Any CPU
		{FD81D264-10A6-4D8A-93A9-311F0A4F3F22}.Release|Any CPU.ActiveCfg = Release|Any CPU
		{FD81D264-10A6-4D8A-93A9-311F0A4F3F22}.Release|Any CPU.Build.0 = Release|Any CPU
	EndGlobalSection
	GlobalSection(SolutionProperties) = preSolution
		HideSolutionNode = FALSE
	EndGlobalSection
	GlobalSection(ExtensibilityGlobals) = postSolution
		SolutionGuid = {25CA55F5-F969-4762-833A-2EAB7A196072}
	EndGlobalSection
EndGlobal
