
Microsoft Visual Studio Solution File, Format Version 12.00
# Visual Studio Version 17
VisualStudioVersion = 17.14.36414.22 d17.14
MinimumVisualStudioVersion = 10.0.40219.1
Project("{888888A0-9F3D-457C-B088-3A5042F75D52}") = "TimelyBudgetTracker", "TimelyBudgetTracker.pyproj", "{039896CB-F4DE-4528-A17F-34133135B48A}"
EndProject
Global
	GlobalSection(SolutionConfigurationPlatforms) = preSolution
		Debug|Any CPU = Debug|Any CPU
		Release|Any CPU = Release|Any CPU
	EndGlobalSection
	GlobalSection(ProjectConfigurationPlatforms) = postSolution
		{039896CB-F4DE-4528-A17F-34133135B48A}.Debug|Any CPU.ActiveCfg = Debug|Any CPU
		{039896CB-F4DE-4528-A17F-34133135B48A}.Release|Any CPU.ActiveCfg = Release|Any CPU
	EndGlobalSection
	GlobalSection(SolutionProperties) = preSolution
		HideSolutionNode = FALSE
	EndGlobalSection
	GlobalSection(ExtensibilityGlobals) = postSolution
		SolutionGuid = {7609788E-2951-46A7-B61E-3A07EB1E002F}
	EndGlobalSection
EndGlobal
