
Microsoft Visual Studio Solution File, Format Version 12.00
# Visual Studio Version 17
VisualStudioVersion = 17.14.36414.22
MinimumVisualStudioVersion = 10.0.40219.1
Project("{FAE04EC0-301F-11D3-BF4B-00C04F79EFBC}") = "MainServer", "MainServer.csproj", "{4CF4B2DD-C7DF-44B0-8ABB-B2D1A2AF1334}"
EndProject
Global
	GlobalSection(SolutionConfigurationPlatforms) = preSolution
		Debug|Any CPU = Debug|Any CPU
		Release|Any CPU = Release|Any CPU
	EndGlobalSection
	GlobalSection(ProjectConfigurationPlatforms) = postSolution
		{4CF4B2DD-C7DF-44B0-8ABB-B2D1A2AF1334}.Debug|Any CPU.ActiveCfg = Debug|Any CPU
		{4CF4B2DD-C7DF-44B0-8ABB-B2D1A2AF1334}.Debug|Any CPU.Build.0 = Debug|Any CPU
		{4CF4B2DD-C7DF-44B0-8ABB-B2D1A2AF1334}.Release|Any CPU.ActiveCfg = Release|Any CPU
		{4CF4B2DD-C7DF-44B0-8ABB-B2D1A2AF1334}.Release|Any CPU.Build.0 = Release|Any CPU
	EndGlobalSection
	GlobalSection(SolutionProperties) = preSolution
		HideSolutionNode = FALSE
	EndGlobalSection
	GlobalSection(ExtensibilityGlobals) = postSolution
		SolutionGuid = {8BC97C47-AB54-42DE-8C01-891361309F40}
	EndGlobalSection
EndGlobal
